// !$*UTF8*$!
{
	archiveVersion = 1;
	classes = {
	};
	objectVersion = 55;
	objects = {

/* Begin PBXBuildFile section */
		301EDA84641AECE025967DF6 /* Pods_sharehoshi.framework in Frameworks */ = {isa = PBXBuildFile; fileRef = 438199004B5B805342223C90 /* Pods_sharehoshi.framework */; };
		9790BA1D2EEE476D53436D70 /* Pods_sharehoshiTests.framework in Frameworks */ = {isa = PBXBuildFile; fileRef = A253E45E3C02FC179DF2876C /* Pods_sharehoshiTests.framework */; };
		A961B3BA58ED60DD2A44516E /* Pods_sharehoshi_sharehoshiUITests.framework in Frameworks */ = {isa = PBXBuildFile; fileRef = 8CE1230F2C9461D0F42D28B9 /* Pods_sharehoshi_sharehoshiUITests.framework */; };
		CB0D15652899738D00A9F9C9 /* AddWishListViewDelegate.swift in Sources */ = {isa = PBXBuildFile; fileRef = CB0D15642899738D00A9F9C9 /* AddWishListViewDelegate.swift */; };
		CB1069D82879403600C3A997 /* SharehoshiApp.swift in Sources */ = {isa = PBXBuildFile; fileRef = CB1069D72879403600C3A997 /* SharehoshiApp.swift */; };
		CB1069DA2879403600C3A997 /* LoginView.swift in Sources */ = {isa = PBXBuildFile; fileRef = CB1069D92879403600C3A997 /* LoginView.swift */; };
		CB1069DC2879403700C3A997 /* Assets.xcassets in Resources */ = {isa = PBXBuildFile; fileRef = CB1069DB2879403700C3A997 /* Assets.xcassets */; };
		CB1069DF2879403700C3A997 /* Preview Assets.xcassets in Resources */ = {isa = PBXBuildFile; fileRef = CB1069DE2879403700C3A997 /* Preview Assets.xcassets */; };
		CB1069E92879403800C3A997 /* SharehoshiTests.swift in Sources */ = {isa = PBXBuildFile; fileRef = CB1069E82879403800C3A997 /* SharehoshiTests.swift */; };
		CB1069F32879403800C3A997 /* SharehoshiUITests.swift in Sources */ = {isa = PBXBuildFile; fileRef = CB1069F22879403800C3A997 /* SharehoshiUITests.swift */; };
		CB1069F52879403800C3A997 /* SharehoshiUITestsLaunchTests.swift in Sources */ = {isa = PBXBuildFile; fileRef = CB1069F42879403800C3A997 /* SharehoshiUITestsLaunchTests.swift */; };
		CB106A032879E9E200C3A997 /* GoogleService-Info.plist in Resources */ = {isa = PBXBuildFile; fileRef = CB106A022879E9E200C3A997 /* GoogleService-Info.plist */; };
		CB164FAE289A8BF900C5A220 /* EditWishListView.swift in Sources */ = {isa = PBXBuildFile; fileRef = CB164FAD289A8BF900C5A220 /* EditWishListView.swift */; };
		CB164FB0289A8C8E00C5A220 /* EditWishListViewModel.swift in Sources */ = {isa = PBXBuildFile; fileRef = CB164FAF289A8C8E00C5A220 /* EditWishListViewModel.swift */; };
		CB2CA7782882A9DE00F41F9C /* MyWishListView.swift in Sources */ = {isa = PBXBuildFile; fileRef = CB2CA7772882A9DE00F41F9C /* MyWishListView.swift */; };
		CB2CA77A2882A9FA00F41F9C /* SettingView.swift in Sources */ = {isa = PBXBuildFile; fileRef = CB2CA7792882A9FA00F41F9C /* SettingView.swift */; };
		CB2CA77C2883001600F41F9C /* AuthenticationViewModel.swift in Sources */ = {isa = PBXBuildFile; fileRef = CB2CA77B2883001600F41F9C /* AuthenticationViewModel.swift */; };
		CB2CA77E288306A500F41F9C /* FooterTabView.swift in Sources */ = {isa = PBXBuildFile; fileRef = CB2CA77D288306A500F41F9C /* FooterTabView.swift */; };
		CB2CA7802885898800F41F9C /* User.swift in Sources */ = {isa = PBXBuildFile; fileRef = CB2CA77F2885898800F41F9C /* User.swift */; };
		CB2CA7822886292100F41F9C /* WishProduct.swift in Sources */ = {isa = PBXBuildFile; fileRef = CB2CA7812886292100F41F9C /* WishProduct.swift */; };
		CB2CA78428882F4400F41F9C /* WishListRowView.swift in Sources */ = {isa = PBXBuildFile; fileRef = CB2CA78328882F4400F41F9C /* WishListRowView.swift */; };
		CB2CA786288A92AE00F41F9C /* MyWishListViewModel.swift in Sources */ = {isa = PBXBuildFile; fileRef = CB2CA785288A92AE00F41F9C /* MyWishListViewModel.swift */; };
		CB2CA788288C3D3300F41F9C /* AddWishListView.swift in Sources */ = {isa = PBXBuildFile; fileRef = CB2CA787288C3D3300F41F9C /* AddWishListView.swift */; };
		CB2CA78D288CE6BE00F41F9C /* AddWishListViewModel.swift in Sources */ = {isa = PBXBuildFile; fileRef = CB2CA78C288CE6BE00F41F9C /* AddWishListViewModel.swift */; };
		CB448AED28A15ED7000B0DB3 /* WishListRowViewDelegate.swift in Sources */ = {isa = PBXBuildFile; fileRef = CB448AEC28A15ED7000B0DB3 /* WishListRowViewDelegate.swift */; };
		CB448AEF28A15EEB000B0DB3 /* EditWishListViewDelegate.swift in Sources */ = {isa = PBXBuildFile; fileRef = CB448AEE28A15EEB000B0DB3 /* EditWishListViewDelegate.swift */; };
		CB6F4E972882A533008410A8 /* ContentView.swift in Sources */ = {isa = PBXBuildFile; fileRef = CB6F4E962882A533008410A8 /* ContentView.swift */; };
		CB9A651628A3FBF600A5792C /* TermsView.swift in Sources */ = {isa = PBXBuildFile; fileRef = CB9A651528A3FBF600A5792C /* TermsView.swift */; };
		CB9A651828A9120E00A5792C /* Friend.swift in Sources */ = {isa = PBXBuildFile; fileRef = CB9A651728A9120E00A5792C /* Friend.swift */; };
		CB9A651C28AA83C900A5792C /* FriendListView.swift in Sources */ = {isa = PBXBuildFile; fileRef = CB9A651B28AA83C900A5792C /* FriendListView.swift */; };
		CB9A651E28AA884300A5792C /* FriendListRowView.swift in Sources */ = {isa = PBXBuildFile; fileRef = CB9A651D28AA884300A5792C /* FriendListRowView.swift */; };
/* End PBXBuildFile section */

/* Begin PBXContainerItemProxy section */
		CB1069E52879403800C3A997 /* PBXContainerItemProxy */ = {
			isa = PBXContainerItemProxy;
			containerPortal = CB1069CC2879403600C3A997 /* Project object */;
			proxyType = 1;
			remoteGlobalIDString = CB1069D32879403600C3A997;
			remoteInfo = sharehoshi;
		};
		CB1069EF2879403800C3A997 /* PBXContainerItemProxy */ = {
			isa = PBXContainerItemProxy;
			containerPortal = CB1069CC2879403600C3A997 /* Project object */;
			proxyType = 1;
			remoteGlobalIDString = CB1069D32879403600C3A997;
			remoteInfo = sharehoshi;
		};
/* End PBXContainerItemProxy section */

/* Begin PBXFileReference section */
		3619AC901C45795FC55FD110 /* Pods-sharehoshi-sharehoshiUITests.release.xcconfig */ = {isa = PBXFileReference; includeInIndex = 1; lastKnownFileType = text.xcconfig; name = "Pods-sharehoshi-sharehoshiUITests.release.xcconfig"; path = "Target Support Files/Pods-sharehoshi-sharehoshiUITests/Pods-sharehoshi-sharehoshiUITests.release.xcconfig"; sourceTree = "<group>"; };
		438199004B5B805342223C90 /* Pods_sharehoshi.framework */ = {isa = PBXFileReference; explicitFileType = wrapper.framework; includeInIndex = 0; path = Pods_sharehoshi.framework; sourceTree = BUILT_PRODUCTS_DIR; };
		5453DE1686FF55A06F14E003 /* Pods-sharehoshi.debug.xcconfig */ = {isa = PBXFileReference; includeInIndex = 1; lastKnownFileType = text.xcconfig; name = "Pods-sharehoshi.debug.xcconfig"; path = "Target Support Files/Pods-sharehoshi/Pods-sharehoshi.debug.xcconfig"; sourceTree = "<group>"; };
		6E17F083925EF95590C36A93 /* Pods-sharehoshi-sharehoshiUITests.debug.xcconfig */ = {isa = PBXFileReference; includeInIndex = 1; lastKnownFileType = text.xcconfig; name = "Pods-sharehoshi-sharehoshiUITests.debug.xcconfig"; path = "Target Support Files/Pods-sharehoshi-sharehoshiUITests/Pods-sharehoshi-sharehoshiUITests.debug.xcconfig"; sourceTree = "<group>"; };
		8CE1230F2C9461D0F42D28B9 /* Pods_sharehoshi_sharehoshiUITests.framework */ = {isa = PBXFileReference; explicitFileType = wrapper.framework; includeInIndex = 0; path = Pods_sharehoshi_sharehoshiUITests.framework; sourceTree = BUILT_PRODUCTS_DIR; };
		A253E45E3C02FC179DF2876C /* Pods_sharehoshiTests.framework */ = {isa = PBXFileReference; explicitFileType = wrapper.framework; includeInIndex = 0; path = Pods_sharehoshiTests.framework; sourceTree = BUILT_PRODUCTS_DIR; };
		C848E30C2936D9D13AA86F80 /* Pods-sharehoshiTests.debug.xcconfig */ = {isa = PBXFileReference; includeInIndex = 1; lastKnownFileType = text.xcconfig; name = "Pods-sharehoshiTests.debug.xcconfig"; path = "Target Support Files/Pods-sharehoshiTests/Pods-sharehoshiTests.debug.xcconfig"; sourceTree = "<group>"; };
		CB0D15642899738D00A9F9C9 /* AddWishListViewDelegate.swift */ = {isa = PBXFileReference; lastKnownFileType = sourcecode.swift; path = AddWishListViewDelegate.swift; sourceTree = "<group>"; };
		CB1069D42879403600C3A997 /* sharehoshi.app */ = {isa = PBXFileReference; explicitFileType = wrapper.application; includeInIndex = 0; path = sharehoshi.app; sourceTree = BUILT_PRODUCTS_DIR; };
		CB1069D72879403600C3A997 /* SharehoshiApp.swift */ = {isa = PBXFileReference; lastKnownFileType = sourcecode.swift; path = SharehoshiApp.swift; sourceTree = "<group>"; };
		CB1069D92879403600C3A997 /* LoginView.swift */ = {isa = PBXFileReference; lastKnownFileType = sourcecode.swift; name = LoginView.swift; path = ../LoginView.swift; sourceTree = "<group>"; };
		CB1069DB2879403700C3A997 /* Assets.xcassets */ = {isa = PBXFileReference; lastKnownFileType = folder.assetcatalog; path = Assets.xcassets; sourceTree = "<group>"; };
		CB1069DE2879403700C3A997 /* Preview Assets.xcassets */ = {isa = PBXFileReference; lastKnownFileType = folder.assetcatalog; path = "Preview Assets.xcassets"; sourceTree = "<group>"; };
		CB1069E42879403800C3A997 /* sharehoshiTests.xctest */ = {isa = PBXFileReference; explicitFileType = wrapper.cfbundle; includeInIndex = 0; path = sharehoshiTests.xctest; sourceTree = BUILT_PRODUCTS_DIR; };
		CB1069E82879403800C3A997 /* SharehoshiTests.swift */ = {isa = PBXFileReference; lastKnownFileType = sourcecode.swift; path = SharehoshiTests.swift; sourceTree = "<group>"; };
		CB1069EE2879403800C3A997 /* sharehoshiUITests.xctest */ = {isa = PBXFileReference; explicitFileType = wrapper.cfbundle; includeInIndex = 0; path = sharehoshiUITests.xctest; sourceTree = BUILT_PRODUCTS_DIR; };
		CB1069F22879403800C3A997 /* SharehoshiUITests.swift */ = {isa = PBXFileReference; lastKnownFileType = sourcecode.swift; path = SharehoshiUITests.swift; sourceTree = "<group>"; };
		CB1069F42879403800C3A997 /* SharehoshiUITestsLaunchTests.swift */ = {isa = PBXFileReference; lastKnownFileType = sourcecode.swift; path = SharehoshiUITestsLaunchTests.swift; sourceTree = "<group>"; };
		CB106A022879E9E200C3A997 /* GoogleService-Info.plist */ = {isa = PBXFileReference; fileEncoding = 4; lastKnownFileType = text.plist.xml; path = "GoogleService-Info.plist"; sourceTree = "<group>"; };
		CB106A04287A77D300C3A997 /* Info.plist */ = {isa = PBXFileReference; lastKnownFileType = text.plist; path = Info.plist; sourceTree = "<group>"; };
		CB164FAD289A8BF900C5A220 /* EditWishListView.swift */ = {isa = PBXFileReference; lastKnownFileType = sourcecode.swift; path = EditWishListView.swift; sourceTree = "<group>"; };
		CB164FAF289A8C8E00C5A220 /* EditWishListViewModel.swift */ = {isa = PBXFileReference; lastKnownFileType = sourcecode.swift; path = EditWishListViewModel.swift; sourceTree = "<group>"; };
		CB2CA7772882A9DE00F41F9C /* MyWishListView.swift */ = {isa = PBXFileReference; lastKnownFileType = sourcecode.swift; path = MyWishListView.swift; sourceTree = "<group>"; };
		CB2CA7792882A9FA00F41F9C /* SettingView.swift */ = {isa = PBXFileReference; lastKnownFileType = sourcecode.swift; path = SettingView.swift; sourceTree = "<group>"; };
		CB2CA77B2883001600F41F9C /* AuthenticationViewModel.swift */ = {isa = PBXFileReference; lastKnownFileType = sourcecode.swift; path = AuthenticationViewModel.swift; sourceTree = "<group>"; };
		CB2CA77D288306A500F41F9C /* FooterTabView.swift */ = {isa = PBXFileReference; lastKnownFileType = sourcecode.swift; path = FooterTabView.swift; sourceTree = "<group>"; };
		CB2CA77F2885898800F41F9C /* User.swift */ = {isa = PBXFileReference; lastKnownFileType = sourcecode.swift; path = User.swift; sourceTree = "<group>"; };
		CB2CA7812886292100F41F9C /* WishProduct.swift */ = {isa = PBXFileReference; lastKnownFileType = sourcecode.swift; path = WishProduct.swift; sourceTree = "<group>"; };
		CB2CA78328882F4400F41F9C /* WishListRowView.swift */ = {isa = PBXFileReference; lastKnownFileType = sourcecode.swift; path = WishListRowView.swift; sourceTree = "<group>"; };
		CB2CA785288A92AE00F41F9C /* MyWishListViewModel.swift */ = {isa = PBXFileReference; lastKnownFileType = sourcecode.swift; path = MyWishListViewModel.swift; sourceTree = "<group>"; };
		CB2CA787288C3D3300F41F9C /* AddWishListView.swift */ = {isa = PBXFileReference; lastKnownFileType = sourcecode.swift; path = AddWishListView.swift; sourceTree = "<group>"; };
		CB2CA78C288CE6BE00F41F9C /* AddWishListViewModel.swift */ = {isa = PBXFileReference; lastKnownFileType = sourcecode.swift; path = AddWishListViewModel.swift; sourceTree = "<group>"; };
		CB448AEC28A15ED7000B0DB3 /* WishListRowViewDelegate.swift */ = {isa = PBXFileReference; lastKnownFileType = sourcecode.swift; path = WishListRowViewDelegate.swift; sourceTree = "<group>"; };
		CB448AEE28A15EEB000B0DB3 /* EditWishListViewDelegate.swift */ = {isa = PBXFileReference; lastKnownFileType = sourcecode.swift; path = EditWishListViewDelegate.swift; sourceTree = "<group>"; };
		CB6F4E962882A533008410A8 /* ContentView.swift */ = {isa = PBXFileReference; lastKnownFileType = sourcecode.swift; path = ContentView.swift; sourceTree = "<group>"; };
		CB9A651528A3FBF600A5792C /* TermsView.swift */ = {isa = PBXFileReference; lastKnownFileType = sourcecode.swift; path = TermsView.swift; sourceTree = "<group>"; };
		CB9A651728A9120E00A5792C /* Friend.swift */ = {isa = PBXFileReference; lastKnownFileType = sourcecode.swift; path = Friend.swift; sourceTree = "<group>"; };
		CB9A651B28AA83C900A5792C /* FriendListView.swift */ = {isa = PBXFileReference; lastKnownFileType = sourcecode.swift; path = FriendListView.swift; sourceTree = "<group>"; };
		CB9A651D28AA884300A5792C /* FriendListRowView.swift */ = {isa = PBXFileReference; lastKnownFileType = sourcecode.swift; path = FriendListRowView.swift; sourceTree = "<group>"; };
		E4A8B6B9F808D53ACB2A189D /* Pods-sharehoshiTests.release.xcconfig */ = {isa = PBXFileReference; includeInIndex = 1; lastKnownFileType = text.xcconfig; name = "Pods-sharehoshiTests.release.xcconfig"; path = "Target Support Files/Pods-sharehoshiTests/Pods-sharehoshiTests.release.xcconfig"; sourceTree = "<group>"; };
		FA971C2E25F593E906EC966B /* Pods-sharehoshi.release.xcconfig */ = {isa = PBXFileReference; includeInIndex = 1; lastKnownFileType = text.xcconfig; name = "Pods-sharehoshi.release.xcconfig"; path = "Target Support Files/Pods-sharehoshi/Pods-sharehoshi.release.xcconfig"; sourceTree = "<group>"; };
/* End PBXFileReference section */

/* Begin PBXFrameworksBuildPhase section */
		CB1069D12879403600C3A997 /* Frameworks */ = {
			isa = PBXFrameworksBuildPhase;
			buildActionMask = 2147483647;
			files = (
				301EDA84641AECE025967DF6 /* Pods_sharehoshi.framework in Frameworks */,
			);
			runOnlyForDeploymentPostprocessing = 0;
		};
		CB1069E12879403800C3A997 /* Frameworks */ = {
			isa = PBXFrameworksBuildPhase;
			buildActionMask = 2147483647;
			files = (
				9790BA1D2EEE476D53436D70 /* Pods_sharehoshiTests.framework in Frameworks */,
			);
			runOnlyForDeploymentPostprocessing = 0;
		};
		CB1069EB2879403800C3A997 /* Frameworks */ = {
			isa = PBXFrameworksBuildPhase;
			buildActionMask = 2147483647;
			files = (
				A961B3BA58ED60DD2A44516E /* Pods_sharehoshi_sharehoshiUITests.framework in Frameworks */,
			);
			runOnlyForDeploymentPostprocessing = 0;
		};
/* End PBXFrameworksBuildPhase section */

/* Begin PBXGroup section */
		4654B76BC1AE62255C4BCBEA /* Frameworks */ = {
			isa = PBXGroup;
			children = (
				438199004B5B805342223C90 /* Pods_sharehoshi.framework */,
				8CE1230F2C9461D0F42D28B9 /* Pods_sharehoshi_sharehoshiUITests.framework */,
				A253E45E3C02FC179DF2876C /* Pods_sharehoshiTests.framework */,
			);
			name = Frameworks;
			sourceTree = "<group>";
		};
		CB1069CB2879403600C3A997 = {
			isa = PBXGroup;
			children = (
				CB1069D62879403600C3A997 /* sharehoshi */,
				CB1069E72879403800C3A997 /* sharehoshiTests */,
				CB1069F12879403800C3A997 /* sharehoshiUITests */,
				CB1069D52879403600C3A997 /* Products */,
				D1FF3B9211A548713C72ACD8 /* Pods */,
				4654B76BC1AE62255C4BCBEA /* Frameworks */,
			);
			sourceTree = "<group>";
		};
		CB1069D52879403600C3A997 /* Products */ = {
			isa = PBXGroup;
			children = (
				CB1069D42879403600C3A997 /* sharehoshi.app */,
				CB1069E42879403800C3A997 /* sharehoshiTests.xctest */,
				CB1069EE2879403800C3A997 /* sharehoshiUITests.xctest */,
			);
			name = Products;
			sourceTree = "<group>";
		};
		CB1069D62879403600C3A997 /* sharehoshi */ = {
			isa = PBXGroup;
			children = (
				CB6F4E962882A533008410A8 /* ContentView.swift */,
				CB6F4E8C28829C1D008410A8 /* ViewModels */,
				CB6F4E8E28829C1D008410A8 /* Views */,
				CB6F4E8928829C02008410A8 /* Models */,
				CB106A04287A77D300C3A997 /* Info.plist */,
				CB106A022879E9E200C3A997 /* GoogleService-Info.plist */,
				CB1069D72879403600C3A997 /* SharehoshiApp.swift */,
				CB1069DB2879403700C3A997 /* Assets.xcassets */,
				CB1069DD2879403700C3A997 /* Preview Content */,
			);
			path = sharehoshi;
			sourceTree = "<group>";
		};
		CB1069DD2879403700C3A997 /* Preview Content */ = {
			isa = PBXGroup;
			children = (
				CB1069DE2879403700C3A997 /* Preview Assets.xcassets */,
			);
			path = "Preview Content";
			sourceTree = "<group>";
		};
		CB1069E72879403800C3A997 /* sharehoshiTests */ = {
			isa = PBXGroup;
			children = (
				CB1069E82879403800C3A997 /* SharehoshiTests.swift */,
			);
			path = sharehoshiTests;
			sourceTree = "<group>";
		};
		CB1069F12879403800C3A997 /* sharehoshiUITests */ = {
			isa = PBXGroup;
			children = (
				CB1069F22879403800C3A997 /* SharehoshiUITests.swift */,
				CB1069F42879403800C3A997 /* SharehoshiUITestsLaunchTests.swift */,
			);
			path = sharehoshiUITests;
			sourceTree = "<group>";
		};
		CB6F4E8928829C02008410A8 /* Models */ = {
			isa = PBXGroup;
			children = (
				CB2CA77F2885898800F41F9C /* User.swift */,
				CB2CA7812886292100F41F9C /* WishProduct.swift */,
				CB9A651728A9120E00A5792C /* Friend.swift */,
			);
			path = Models;
			sourceTree = "<group>";
		};
		CB6F4E8C28829C1D008410A8 /* ViewModels */ = {
			isa = PBXGroup;
			children = (
				CB2CA77B2883001600F41F9C /* AuthenticationViewModel.swift */,
				CB2CA785288A92AE00F41F9C /* MyWishListViewModel.swift */,
				CB2CA78C288CE6BE00F41F9C /* AddWishListViewModel.swift */,
				CB164FAF289A8C8E00C5A220 /* EditWishListViewModel.swift */,
			);
			path = ViewModels;
			sourceTree = "<group>";
		};
		CB6F4E8E28829C1D008410A8 /* Views */ = {
			isa = PBXGroup;
			children = (
				CB1069D92879403600C3A997 /* LoginView.swift */,
				CB2CA7772882A9DE00F41F9C /* MyWishListView.swift */,
				CB2CA7792882A9FA00F41F9C /* SettingView.swift */,
				CB2CA77D288306A500F41F9C /* FooterTabView.swift */,
				CB2CA78328882F4400F41F9C /* WishListRowView.swift */,
				CB2CA787288C3D3300F41F9C /* AddWishListView.swift */,
				CB0D15642899738D00A9F9C9 /* AddWishListViewDelegate.swift */,
				CB164FAD289A8BF900C5A220 /* EditWishListView.swift */,
				CB448AEE28A15EEB000B0DB3 /* EditWishListViewDelegate.swift */,
				CB448AEC28A15ED7000B0DB3 /* WishListRowViewDelegate.swift */,
				CB9A651528A3FBF600A5792C /* TermsView.swift */,
				CB9A651B28AA83C900A5792C /* FriendListView.swift */,
				CB9A651D28AA884300A5792C /* FriendListRowView.swift */,
			);
			path = Views;
			sourceTree = "<group>";
		};
		D1FF3B9211A548713C72ACD8 /* Pods */ = {
			isa = PBXGroup;
			children = (
				5453DE1686FF55A06F14E003 /* Pods-sharehoshi.debug.xcconfig */,
				FA971C2E25F593E906EC966B /* Pods-sharehoshi.release.xcconfig */,
				6E17F083925EF95590C36A93 /* Pods-sharehoshi-sharehoshiUITests.debug.xcconfig */,
				3619AC901C45795FC55FD110 /* Pods-sharehoshi-sharehoshiUITests.release.xcconfig */,
				C848E30C2936D9D13AA86F80 /* Pods-sharehoshiTests.debug.xcconfig */,
				E4A8B6B9F808D53ACB2A189D /* Pods-sharehoshiTests.release.xcconfig */,
			);
			path = Pods;
			sourceTree = "<group>";
		};
/* End PBXGroup section */

/* Begin PBXNativeTarget section */
		CB1069D32879403600C3A997 /* sharehoshi */ = {
			isa = PBXNativeTarget;
			buildConfigurationList = CB1069F82879403800C3A997 /* Build configuration list for PBXNativeTarget "sharehoshi" */;
			buildPhases = (
				A893FE077FC3DE85ECDDCBE5 /* [CP] Check Pods Manifest.lock */,
				CB106A012879CBA200C3A997 /* Run SwiftLint */,
				CB1069D02879403600C3A997 /* Sources */,
				CB1069D12879403600C3A997 /* Frameworks */,
				CB1069D22879403600C3A997 /* Resources */,
				DAC74754FC2EDC6058CA4E44 /* [CP] Embed Pods Frameworks */,
			);
			buildRules = (
			);
			dependencies = (
			);
			name = sharehoshi;
			productName = sharehoshi;
			productReference = CB1069D42879403600C3A997 /* sharehoshi.app */;
			productType = "com.apple.product-type.application";
		};
		CB1069E32879403800C3A997 /* sharehoshiTests */ = {
			isa = PBXNativeTarget;
			buildConfigurationList = CB1069FB2879403800C3A997 /* Build configuration list for PBXNativeTarget "sharehoshiTests" */;
			buildPhases = (
				E59C5C154DB7A19484EA219C /* [CP] Check Pods Manifest.lock */,
				CB1069E02879403800C3A997 /* Sources */,
				CB1069E12879403800C3A997 /* Frameworks */,
				CB1069E22879403800C3A997 /* Resources */,
			);
			buildRules = (
			);
			dependencies = (
				CB1069E62879403800C3A997 /* PBXTargetDependency */,
			);
			name = sharehoshiTests;
			productName = sharehoshiTests;
			productReference = CB1069E42879403800C3A997 /* sharehoshiTests.xctest */;
			productType = "com.apple.product-type.bundle.unit-test";
		};
		CB1069ED2879403800C3A997 /* sharehoshiUITests */ = {
			isa = PBXNativeTarget;
			buildConfigurationList = CB1069FE2879403800C3A997 /* Build configuration list for PBXNativeTarget "sharehoshiUITests" */;
			buildPhases = (
				25871324410D0F4E2F9F756D /* [CP] Check Pods Manifest.lock */,
				CB1069EA2879403800C3A997 /* Sources */,
				CB1069EB2879403800C3A997 /* Frameworks */,
				CB1069EC2879403800C3A997 /* Resources */,
				5A83992B55F269EFCDC67400 /* [CP] Embed Pods Frameworks */,
			);
			buildRules = (
			);
			dependencies = (
				CB1069F02879403800C3A997 /* PBXTargetDependency */,
			);
			name = sharehoshiUITests;
			productName = sharehoshiUITests;
			productReference = CB1069EE2879403800C3A997 /* sharehoshiUITests.xctest */;
			productType = "com.apple.product-type.bundle.ui-testing";
		};
/* End PBXNativeTarget section */

/* Begin PBXProject section */
		CB1069CC2879403600C3A997 /* Project object */ = {
			isa = PBXProject;
			attributes = {
				BuildIndependentTargetsInParallel = 1;
				LastSwiftUpdateCheck = 1330;
				LastUpgradeCheck = 1330;
				TargetAttributes = {
					CB1069D32879403600C3A997 = {
						CreatedOnToolsVersion = 13.3.1;
					};
					CB1069E32879403800C3A997 = {
						CreatedOnToolsVersion = 13.3.1;
						TestTargetID = CB1069D32879403600C3A997;
					};
					CB1069ED2879403800C3A997 = {
						CreatedOnToolsVersion = 13.3.1;
						TestTargetID = CB1069D32879403600C3A997;
					};
				};
			};
			buildConfigurationList = CB1069CF2879403600C3A997 /* Build configuration list for PBXProject "sharehoshi" */;
			compatibilityVersion = "Xcode 13.0";
			developmentRegion = en;
			hasScannedForEncodings = 0;
			knownRegions = (
				en,
				Base,
			);
			mainGroup = CB1069CB2879403600C3A997;
			productRefGroup = CB1069D52879403600C3A997 /* Products */;
			projectDirPath = "";
			projectRoot = "";
			targets = (
				CB1069D32879403600C3A997 /* sharehoshi */,
				CB1069E32879403800C3A997 /* sharehoshiTests */,
				CB1069ED2879403800C3A997 /* sharehoshiUITests */,
			);
		};
/* End PBXProject section */

/* Begin PBXResourcesBuildPhase section */
		CB1069D22879403600C3A997 /* Resources */ = {
			isa = PBXResourcesBuildPhase;
			buildActionMask = 2147483647;
			files = (
				CB1069DF2879403700C3A997 /* Preview Assets.xcassets in Resources */,
				CB106A032879E9E200C3A997 /* GoogleService-Info.plist in Resources */,
				CB1069DC2879403700C3A997 /* Assets.xcassets in Resources */,
			);
			runOnlyForDeploymentPostprocessing = 0;
		};
		CB1069E22879403800C3A997 /* Resources */ = {
			isa = PBXResourcesBuildPhase;
			buildActionMask = 2147483647;
			files = (
			);
			runOnlyForDeploymentPostprocessing = 0;
		};
		CB1069EC2879403800C3A997 /* Resources */ = {
			isa = PBXResourcesBuildPhase;
			buildActionMask = 2147483647;
			files = (
			);
			runOnlyForDeploymentPostprocessing = 0;
		};
/* End PBXResourcesBuildPhase section */

/* Begin PBXShellScriptBuildPhase section */
		25871324410D0F4E2F9F756D /* [CP] Check Pods Manifest.lock */ = {
			isa = PBXShellScriptBuildPhase;
			buildActionMask = 2147483647;
			files = (
			);
			inputFileListPaths = (
			);
			inputPaths = (
				"${PODS_PODFILE_DIR_PATH}/Podfile.lock",
				"${PODS_ROOT}/Manifest.lock",
			);
			name = "[CP] Check Pods Manifest.lock";
			outputFileListPaths = (
			);
			outputPaths = (
				"$(DERIVED_FILE_DIR)/Pods-sharehoshi-sharehoshiUITests-checkManifestLockResult.txt",
			);
			runOnlyForDeploymentPostprocessing = 0;
			shellPath = /bin/sh;
			shellScript = "diff \"${PODS_PODFILE_DIR_PATH}/Podfile.lock\" \"${PODS_ROOT}/Manifest.lock\" > /dev/null\nif [ $? != 0 ] ; then\n    # print error to STDERR\n    echo \"error: The sandbox is not in sync with the Podfile.lock. Run 'pod install' or update your CocoaPods installation.\" >&2\n    exit 1\nfi\n# This output is used by Xcode 'outputs' to avoid re-running this script phase.\necho \"SUCCESS\" > \"${SCRIPT_OUTPUT_FILE_0}\"\n";
			showEnvVarsInLog = 0;
		};
		5A83992B55F269EFCDC67400 /* [CP] Embed Pods Frameworks */ = {
			isa = PBXShellScriptBuildPhase;
			buildActionMask = 2147483647;
			files = (
			);
			inputFileListPaths = (
				"${PODS_ROOT}/Target Support Files/Pods-sharehoshi-sharehoshiUITests/Pods-sharehoshi-sharehoshiUITests-frameworks-${CONFIGURATION}-input-files.xcfilelist",
			);
			name = "[CP] Embed Pods Frameworks";
			outputFileListPaths = (
				"${PODS_ROOT}/Target Support Files/Pods-sharehoshi-sharehoshiUITests/Pods-sharehoshi-sharehoshiUITests-frameworks-${CONFIGURATION}-output-files.xcfilelist",
			);
			runOnlyForDeploymentPostprocessing = 0;
			shellPath = /bin/sh;
			shellScript = "\"${PODS_ROOT}/Target Support Files/Pods-sharehoshi-sharehoshiUITests/Pods-sharehoshi-sharehoshiUITests-frameworks.sh\"\n";
			showEnvVarsInLog = 0;
		};
		A893FE077FC3DE85ECDDCBE5 /* [CP] Check Pods Manifest.lock */ = {
			isa = PBXShellScriptBuildPhase;
			buildActionMask = 2147483647;
			files = (
			);
			inputFileListPaths = (
			);
			inputPaths = (
				"${PODS_PODFILE_DIR_PATH}/Podfile.lock",
				"${PODS_ROOT}/Manifest.lock",
			);
			name = "[CP] Check Pods Manifest.lock";
			outputFileListPaths = (
			);
			outputPaths = (
				"$(DERIVED_FILE_DIR)/Pods-sharehoshi-checkManifestLockResult.txt",
			);
			runOnlyForDeploymentPostprocessing = 0;
			shellPath = /bin/sh;
			shellScript = "diff \"${PODS_PODFILE_DIR_PATH}/Podfile.lock\" \"${PODS_ROOT}/Manifest.lock\" > /dev/null\nif [ $? != 0 ] ; then\n    # print error to STDERR\n    echo \"error: The sandbox is not in sync with the Podfile.lock. Run 'pod install' or update your CocoaPods installation.\" >&2\n    exit 1\nfi\n# This output is used by Xcode 'outputs' to avoid re-running this script phase.\necho \"SUCCESS\" > \"${SCRIPT_OUTPUT_FILE_0}\"\n";
			showEnvVarsInLog = 0;
		};
		CB106A012879CBA200C3A997 /* Run SwiftLint */ = {
			isa = PBXShellScriptBuildPhase;
			buildActionMask = 2147483647;
			files = (
			);
			inputFileListPaths = (
			);
			inputPaths = (
			);
			name = "Run SwiftLint";
			outputFileListPaths = (
			);
			outputPaths = (
			);
			runOnlyForDeploymentPostprocessing = 0;
			shellPath = /bin/sh;
			shellScript = "${PODS_ROOT}/SwiftLint/swiftlint\n";
		};
		DAC74754FC2EDC6058CA4E44 /* [CP] Embed Pods Frameworks */ = {
			isa = PBXShellScriptBuildPhase;
			buildActionMask = 2147483647;
			files = (
			);
			inputFileListPaths = (
				"${PODS_ROOT}/Target Support Files/Pods-sharehoshi/Pods-sharehoshi-frameworks-${CONFIGURATION}-input-files.xcfilelist",
			);
			name = "[CP] Embed Pods Frameworks";
			outputFileListPaths = (
				"${PODS_ROOT}/Target Support Files/Pods-sharehoshi/Pods-sharehoshi-frameworks-${CONFIGURATION}-output-files.xcfilelist",
			);
			runOnlyForDeploymentPostprocessing = 0;
			shellPath = /bin/sh;
			shellScript = "\"${PODS_ROOT}/Target Support Files/Pods-sharehoshi/Pods-sharehoshi-frameworks.sh\"\n";
			showEnvVarsInLog = 0;
		};
		E59C5C154DB7A19484EA219C /* [CP] Check Pods Manifest.lock */ = {
			isa = PBXShellScriptBuildPhase;
			buildActionMask = 2147483647;
			files = (
			);
			inputFileListPaths = (
			);
			inputPaths = (
				"${PODS_PODFILE_DIR_PATH}/Podfile.lock",
				"${PODS_ROOT}/Manifest.lock",
			);
			name = "[CP] Check Pods Manifest.lock";
			outputFileListPaths = (
			);
			outputPaths = (
				"$(DERIVED_FILE_DIR)/Pods-sharehoshiTests-checkManifestLockResult.txt",
			);
			runOnlyForDeploymentPostprocessing = 0;
			shellPath = /bin/sh;
			shellScript = "diff \"${PODS_PODFILE_DIR_PATH}/Podfile.lock\" \"${PODS_ROOT}/Manifest.lock\" > /dev/null\nif [ $? != 0 ] ; then\n    # print error to STDERR\n    echo \"error: The sandbox is not in sync with the Podfile.lock. Run 'pod install' or update your CocoaPods installation.\" >&2\n    exit 1\nfi\n# This output is used by Xcode 'outputs' to avoid re-running this script phase.\necho \"SUCCESS\" > \"${SCRIPT_OUTPUT_FILE_0}\"\n";
			showEnvVarsInLog = 0;
		};
/* End PBXShellScriptBuildPhase section */

/* Begin PBXSourcesBuildPhase section */
		CB1069D02879403600C3A997 /* Sources */ = {
			isa = PBXSourcesBuildPhase;
			buildActionMask = 2147483647;
			files = (
				CB0D15652899738D00A9F9C9 /* AddWishListViewDelegate.swift in Sources */,
				CB2CA77C2883001600F41F9C /* AuthenticationViewModel.swift in Sources */,
				CB2CA786288A92AE00F41F9C /* MyWishListViewModel.swift in Sources */,
				CB2CA77A2882A9FA00F41F9C /* SettingView.swift in Sources */,
				CB2CA7822886292100F41F9C /* WishProduct.swift in Sources */,
				CB2CA7782882A9DE00F41F9C /* MyWishListView.swift in Sources */,
				CB448AEF28A15EEB000B0DB3 /* EditWishListViewDelegate.swift in Sources */,
				CB9A651E28AA884300A5792C /* FriendListRowView.swift in Sources */,
				CB9A651828A9120E00A5792C /* Friend.swift in Sources */,
				CB2CA78D288CE6BE00F41F9C /* AddWishListViewModel.swift in Sources */,
				CB2CA78428882F4400F41F9C /* WishListRowView.swift in Sources */,
				CB1069DA2879403600C3A997 /* LoginView.swift in Sources */,
				CB2CA788288C3D3300F41F9C /* AddWishListView.swift in Sources */,
				CB164FAE289A8BF900C5A220 /* EditWishListView.swift in Sources */,
				CB2CA7802885898800F41F9C /* User.swift in Sources */,
				CB1069D82879403600C3A997 /* SharehoshiApp.swift in Sources */,
				CB448AED28A15ED7000B0DB3 /* WishListRowViewDelegate.swift in Sources */,
				CB2CA77E288306A500F41F9C /* FooterTabView.swift in Sources */,
				CB9A651C28AA83C900A5792C /* FriendListView.swift in Sources */,
				CB6F4E972882A533008410A8 /* ContentView.swift in Sources */,
				CB9A651628A3FBF600A5792C /* TermsView.swift in Sources */,
				CB164FB0289A8C8E00C5A220 /* EditWishListViewModel.swift in Sources */,
			);
			runOnlyForDeploymentPostprocessing = 0;
		};
		CB1069E02879403800C3A997 /* Sources */ = {
			isa = PBXSourcesBuildPhase;
			buildActionMask = 2147483647;
			files = (
				CB1069E92879403800C3A997 /* SharehoshiTests.swift in Sources */,
			);
			runOnlyForDeploymentPostprocessing = 0;
		};
		CB1069EA2879403800C3A997 /* Sources */ = {
			isa = PBXSourcesBuildPhase;
			buildActionMask = 2147483647;
			files = (
				CB1069F52879403800C3A997 /* SharehoshiUITestsLaunchTests.swift in Sources */,
				CB1069F32879403800C3A997 /* SharehoshiUITests.swift in Sources */,
			);
			runOnlyForDeploymentPostprocessing = 0;
		};
/* End PBXSourcesBuildPhase section */

/* Begin PBXTargetDependency section */
		CB1069E62879403800C3A997 /* PBXTargetDependency */ = {
			isa = PBXTargetDependency;
			target = CB1069D32879403600C3A997 /* sharehoshi */;
			targetProxy = CB1069E52879403800C3A997 /* PBXContainerItemProxy */;
		};
		CB1069F02879403800C3A997 /* PBXTargetDependency */ = {
			isa = PBXTargetDependency;
			target = CB1069D32879403600C3A997 /* sharehoshi */;
			targetProxy = CB1069EF2879403800C3A997 /* PBXContainerItemProxy */;
		};
/* End PBXTargetDependency section */

/* Begin XCBuildConfiguration section */
		CB1069F62879403800C3A997 /* Debug */ = {
			isa = XCBuildConfiguration;
			buildSettings = {
				ALWAYS_SEARCH_USER_PATHS = NO;
				CLANG_ANALYZER_NONNULL = YES;
				CLANG_ANALYZER_NUMBER_OBJECT_CONVERSION = YES_AGGRESSIVE;
				CLANG_CXX_LANGUAGE_STANDARD = "gnu++17";
				CLANG_ENABLE_MODULES = YES;
				CLANG_ENABLE_OBJC_ARC = YES;
				CLANG_ENABLE_OBJC_WEAK = YES;
				CLANG_WARN_BLOCK_CAPTURE_AUTORELEASING = YES;
				CLANG_WARN_BOOL_CONVERSION = YES;
				CLANG_WARN_COMMA = YES;
				CLANG_WARN_CONSTANT_CONVERSION = YES;
				CLANG_WARN_DEPRECATED_OBJC_IMPLEMENTATIONS = YES;
				CLANG_WARN_DIRECT_OBJC_ISA_USAGE = YES_ERROR;
				CLANG_WARN_DOCUMENTATION_COMMENTS = YES;
				CLANG_WARN_EMPTY_BODY = YES;
				CLANG_WARN_ENUM_CONVERSION = YES;
				CLANG_WARN_INFINITE_RECURSION = YES;
				CLANG_WARN_INT_CONVERSION = YES;
				CLANG_WARN_NON_LITERAL_NULL_CONVERSION = YES;
				CLANG_WARN_OBJC_IMPLICIT_RETAIN_SELF = YES;
				CLANG_WARN_OBJC_LITERAL_CONVERSION = YES;
				CLANG_WARN_OBJC_ROOT_CLASS = YES_ERROR;
				CLANG_WARN_QUOTED_INCLUDE_IN_FRAMEWORK_HEADER = YES;
				CLANG_WARN_RANGE_LOOP_ANALYSIS = YES;
				CLANG_WARN_STRICT_PROTOTYPES = YES;
				CLANG_WARN_SUSPICIOUS_MOVE = YES;
				CLANG_WARN_UNGUARDED_AVAILABILITY = YES_AGGRESSIVE;
				CLANG_WARN_UNREACHABLE_CODE = YES;
				CLANG_WARN__DUPLICATE_METHOD_MATCH = YES;
				COPY_PHASE_STRIP = NO;
				DEBUG_INFORMATION_FORMAT = dwarf;
				ENABLE_STRICT_OBJC_MSGSEND = YES;
				ENABLE_TESTABILITY = YES;
				GCC_C_LANGUAGE_STANDARD = gnu11;
				GCC_DYNAMIC_NO_PIC = NO;
				GCC_NO_COMMON_BLOCKS = YES;
				GCC_OPTIMIZATION_LEVEL = 0;
				GCC_PREPROCESSOR_DEFINITIONS = (
					"DEBUG=1",
					"$(inherited)",
				);
				GCC_WARN_64_TO_32_BIT_CONVERSION = YES;
				GCC_WARN_ABOUT_RETURN_TYPE = YES_ERROR;
				GCC_WARN_UNDECLARED_SELECTOR = YES;
				GCC_WARN_UNINITIALIZED_AUTOS = YES_AGGRESSIVE;
				GCC_WARN_UNUSED_FUNCTION = YES;
				GCC_WARN_UNUSED_VARIABLE = YES;
				IPHONEOS_DEPLOYMENT_TARGET = 16.0;
				MTL_ENABLE_DEBUG_INFO = INCLUDE_SOURCE;
				MTL_FAST_MATH = YES;
				ONLY_ACTIVE_ARCH = YES;
				SDKROOT = iphoneos;
				SWIFT_ACTIVE_COMPILATION_CONDITIONS = DEBUG;
				SWIFT_OPTIMIZATION_LEVEL = "-Onone";
			};
			name = Debug;
		};
		CB1069F72879403800C3A997 /* Release */ = {
			isa = XCBuildConfiguration;
			buildSettings = {
				ALWAYS_SEARCH_USER_PATHS = NO;
				CLANG_ANALYZER_NONNULL = YES;
				CLANG_ANALYZER_NUMBER_OBJECT_CONVERSION = YES_AGGRESSIVE;
				CLANG_CXX_LANGUAGE_STANDARD = "gnu++17";
				CLANG_ENABLE_MODULES = YES;
				CLANG_ENABLE_OBJC_ARC = YES;
				CLANG_ENABLE_OBJC_WEAK = YES;
				CLANG_WARN_BLOCK_CAPTURE_AUTORELEASING = YES;
				CLANG_WARN_BOOL_CONVERSION = YES;
				CLANG_WARN_COMMA = YES;
				CLANG_WARN_CONSTANT_CONVERSION = YES;
				CLANG_WARN_DEPRECATED_OBJC_IMPLEMENTATIONS = YES;
				CLANG_WARN_DIRECT_OBJC_ISA_USAGE = YES_ERROR;
				CLANG_WARN_DOCUMENTATION_COMMENTS = YES;
				CLANG_WARN_EMPTY_BODY = YES;
				CLANG_WARN_ENUM_CONVERSION = YES;
				CLANG_WARN_INFINITE_RECURSION = YES;
				CLANG_WARN_INT_CONVERSION = YES;
				CLANG_WARN_NON_LITERAL_NULL_CONVERSION = YES;
				CLANG_WARN_OBJC_IMPLICIT_RETAIN_SELF = YES;
				CLANG_WARN_OBJC_LITERAL_CONVERSION = YES;
				CLANG_WARN_OBJC_ROOT_CLASS = YES_ERROR;
				CLANG_WARN_QUOTED_INCLUDE_IN_FRAMEWORK_HEADER = YES;
				CLANG_WARN_RANGE_LOOP_ANALYSIS = YES;
				CLANG_WARN_STRICT_PROTOTYPES = YES;
				CLANG_WARN_SUSPICIOUS_MOVE = YES;
				CLANG_WARN_UNGUARDED_AVAILABILITY = YES_AGGRESSIVE;
				CLANG_WARN_UNREACHABLE_CODE = YES;
				CLANG_WARN__DUPLICATE_METHOD_MATCH = YES;
				COPY_PHASE_STRIP = NO;
				DEBUG_INFORMATION_FORMAT = "dwarf-with-dsym";
				ENABLE_NS_ASSERTIONS = NO;
				ENABLE_STRICT_OBJC_MSGSEND = YES;
				GCC_C_LANGUAGE_STANDARD = gnu11;
				GCC_NO_COMMON_BLOCKS = YES;
				GCC_WARN_64_TO_32_BIT_CONVERSION = YES;
				GCC_WARN_ABOUT_RETURN_TYPE = YES_ERROR;
				GCC_WARN_UNDECLARED_SELECTOR = YES;
				GCC_WARN_UNINITIALIZED_AUTOS = YES_AGGRESSIVE;
				GCC_WARN_UNUSED_FUNCTION = YES;
				GCC_WARN_UNUSED_VARIABLE = YES;
				IPHONEOS_DEPLOYMENT_TARGET = 16.0;
				MTL_ENABLE_DEBUG_INFO = NO;
				MTL_FAST_MATH = YES;
				SDKROOT = iphoneos;
				SWIFT_COMPILATION_MODE = wholemodule;
				SWIFT_OPTIMIZATION_LEVEL = "-O";
				VALIDATE_PRODUCT = YES;
			};
			name = Release;
		};
		CB1069F92879403800C3A997 /* Debug */ = {
			isa = XCBuildConfiguration;
			baseConfigurationReference = 5453DE1686FF55A06F14E003 /* Pods-sharehoshi.debug.xcconfig */;
			buildSettings = {
				ASSETCATALOG_COMPILER_APPICON_NAME = AppIcon;
				ASSETCATALOG_COMPILER_GLOBAL_ACCENT_COLOR_NAME = AccentColor;
				CODE_SIGN_STYLE = Automatic;
				CURRENT_PROJECT_VERSION = 1;
				DEVELOPMENT_ASSET_PATHS = "\"sharehoshi/Preview Content\"";
				DEVELOPMENT_TEAM = 6L95GP9HQV;
				ENABLE_PREVIEWS = YES;
				GENERATE_INFOPLIST_FILE = YES;
				INFOPLIST_FILE = sharehoshi/Info.plist;
				INFOPLIST_KEY_UIApplicationSceneManifest_Generation = YES;
				INFOPLIST_KEY_UIApplicationSupportsIndirectInputEvents = YES;
				INFOPLIST_KEY_UILaunchScreen_Generation = YES;
				INFOPLIST_KEY_UISupportedInterfaceOrientations_iPad = "UIInterfaceOrientationPortrait UIInterfaceOrientationPortraitUpsideDown UIInterfaceOrientationLandscapeLeft UIInterfaceOrientationLandscapeRight";
				INFOPLIST_KEY_UISupportedInterfaceOrientations_iPhone = "UIInterfaceOrientationPortrait UIInterfaceOrientationLandscapeLeft UIInterfaceOrientationLandscapeRight";
				LD_RUNPATH_SEARCH_PATHS = (
					"$(inherited)",
					"@executable_path/Frameworks",
				);
				MARKETING_VERSION = 1.0;
				PRODUCT_BUNDLE_IDENTIFIER = tomsan96.sharehoshi;
				PRODUCT_NAME = "$(TARGET_NAME)";
				SWIFT_EMIT_LOC_STRINGS = YES;
				SWIFT_VERSION = 5.0;
				TARGETED_DEVICE_FAMILY = "1,2";
			};
			name = Debug;
		};
		CB1069FA2879403800C3A997 /* Release */ = {
			isa = XCBuildConfiguration;
			baseConfigurationReference = FA971C2E25F593E906EC966B /* Pods-sharehoshi.release.xcconfig */;
			buildSettings = {
				ASSETCATALOG_COMPILER_APPICON_NAME = AppIcon;
				ASSETCATALOG_COMPILER_GLOBAL_ACCENT_COLOR_NAME = AccentColor;
				CODE_SIGN_STYLE = Automatic;
				CURRENT_PROJECT_VERSION = 1;
				DEVELOPMENT_ASSET_PATHS = "\"sharehoshi/Preview Content\"";
				DEVELOPMENT_TEAM = 6L95GP9HQV;
				ENABLE_PREVIEWS = YES;
				GENERATE_INFOPLIST_FILE = YES;
				INFOPLIST_FILE = sharehoshi/Info.plist;
				INFOPLIST_KEY_UIApplicationSceneManifest_Generation = YES;
				INFOPLIST_KEY_UIApplicationSupportsIndirectInputEvents = YES;
				INFOPLIST_KEY_UILaunchScreen_Generation = YES;
				INFOPLIST_KEY_UISupportedInterfaceOrientations_iPad = "UIInterfaceOrientationPortrait UIInterfaceOrientationPortraitUpsideDown UIInterfaceOrientationLandscapeLeft UIInterfaceOrientationLandscapeRight";
				INFOPLIST_KEY_UISupportedInterfaceOrientations_iPhone = "UIInterfaceOrientationPortrait UIInterfaceOrientationLandscapeLeft UIInterfaceOrientationLandscapeRight";
				LD_RUNPATH_SEARCH_PATHS = (
					"$(inherited)",
					"@executable_path/Frameworks",
				);
				MARKETING_VERSION = 1.0;
				PRODUCT_BUNDLE_IDENTIFIER = tomsan96.sharehoshi;
				PRODUCT_NAME = "$(TARGET_NAME)";
				SWIFT_EMIT_LOC_STRINGS = YES;
				SWIFT_VERSION = 5.0;
				TARGETED_DEVICE_FAMILY = "1,2";
			};
			name = Release;
		};
		CB1069FC2879403800C3A997 /* Debug */ = {
			isa = XCBuildConfiguration;
			baseConfigurationReference = C848E30C2936D9D13AA86F80 /* Pods-sharehoshiTests.debug.xcconfig */;
			buildSettings = {
				ALWAYS_EMBED_SWIFT_STANDARD_LIBRARIES = YES;
				BUNDLE_LOADER = "$(TEST_HOST)";
				CODE_SIGN_STYLE = Automatic;
				CURRENT_PROJECT_VERSION = 1;
				DEVELOPMENT_TEAM = 6L95GP9HQV;
				GENERATE_INFOPLIST_FILE = YES;
				IPHONEOS_DEPLOYMENT_TARGET = 15.4;
				MARKETING_VERSION = 1.0;
				PRODUCT_BUNDLE_IDENTIFIER = tomsan96.sharehoshiTests;
				PRODUCT_NAME = "$(TARGET_NAME)";
				SWIFT_EMIT_LOC_STRINGS = NO;
				SWIFT_VERSION = 5.0;
				TARGETED_DEVICE_FAMILY = "1,2";
				TEST_HOST = "$(BUILT_PRODUCTS_DIR)/sharehoshi.app/sharehoshi";
			};
			name = Debug;
		};
		CB1069FD2879403800C3A997 /* Release */ = {
			isa = XCBuildConfiguration;
			baseConfigurationReference = E4A8B6B9F808D53ACB2A189D /* Pods-sharehoshiTests.release.xcconfig */;
			buildSettings = {
				ALWAYS_EMBED_SWIFT_STANDARD_LIBRARIES = YES;
				BUNDLE_LOADER = "$(TEST_HOST)";
				CODE_SIGN_STYLE = Automatic;
				CURRENT_PROJECT_VERSION = 1;
				DEVELOPMENT_TEAM = 6L95GP9HQV;
				GENERATE_INFOPLIST_FILE = YES;
				IPHONEOS_DEPLOYMENT_TARGET = 15.4;
				MARKETING_VERSION = 1.0;
				PRODUCT_BUNDLE_IDENTIFIER = tomsan96.sharehoshiTests;
				PRODUCT_NAME = "$(TARGET_NAME)";
				SWIFT_EMIT_LOC_STRINGS = NO;
				SWIFT_VERSION = 5.0;
				TARGETED_DEVICE_FAMILY = "1,2";
				TEST_HOST = "$(BUILT_PRODUCTS_DIR)/sharehoshi.app/sharehoshi";
			};
			name = Release;
		};
		CB1069FF2879403800C3A997 /* Debug */ = {
			isa = XCBuildConfiguration;
			baseConfigurationReference = 6E17F083925EF95590C36A93 /* Pods-sharehoshi-sharehoshiUITests.debug.xcconfig */;
			buildSettings = {
				ALWAYS_EMBED_SWIFT_STANDARD_LIBRARIES = YES;
				CODE_SIGN_STYLE = Automatic;
				CURRENT_PROJECT_VERSION = 1;
				DEVELOPMENT_TEAM = 6L95GP9HQV;
				GENERATE_INFOPLIST_FILE = YES;
				MARKETING_VERSION = 1.0;
				PRODUCT_BUNDLE_IDENTIFIER = tomsan96.sharehoshiUITests;
				PRODUCT_NAME = "$(TARGET_NAME)";
				SWIFT_EMIT_LOC_STRINGS = NO;
				SWIFT_VERSION = 5.0;
				TARGETED_DEVICE_FAMILY = "1,2";
				TEST_TARGET_NAME = sharehoshi;
			};
			name = Debug;
		};
		CB106A002879403800C3A997 /* Release */ = {
			isa = XCBuildConfiguration;
			baseConfigurationReference = 3619AC901C45795FC55FD110 /* Pods-sharehoshi-sharehoshiUITests.release.xcconfig */;
			buildSettings = {
				ALWAYS_EMBED_SWIFT_STANDARD_LIBRARIES = YES;
				CODE_SIGN_STYLE = Automatic;
				CURRENT_PROJECT_VERSION = 1;
				DEVELOPMENT_TEAM = 6L95GP9HQV;
				GENERATE_INFOPLIST_FILE = YES;
				MARKETING_VERSION = 1.0;
				PRODUCT_BUNDLE_IDENTIFIER = tomsan96.sharehoshiUITests;
				PRODUCT_NAME = "$(TARGET_NAME)";
				SWIFT_EMIT_LOC_STRINGS = NO;
				SWIFT_VERSION = 5.0;
				TARGETED_DEVICE_FAMILY = "1,2";
				TEST_TARGET_NAME = sharehoshi;
			};
			name = Release;
		};
/* End XCBuildConfiguration section */

/* Begin XCConfigurationList section */
		CB1069CF2879403600C3A997 /* Build configuration list for PBXProject "sharehoshi" */ = {
			isa = XCConfigurationList;
			buildConfigurations = (
				CB1069F62879403800C3A997 /* Debug */,
				CB1069F72879403800C3A997 /* Release */,
			);
			defaultConfigurationIsVisible = 0;
			defaultConfigurationName = Release;
		};
		CB1069F82879403800C3A997 /* Build configuration list for PBXNativeTarget "sharehoshi" */ = {
			isa = XCConfigurationList;
			buildConfigurations = (
				CB1069F92879403800C3A997 /* Debug */,
				CB1069FA2879403800C3A997 /* Release */,
			);
			defaultConfigurationIsVisible = 0;
			defaultConfigurationName = Release;
		};
		CB1069FB2879403800C3A997 /* Build configuration list for PBXNativeTarget "sharehoshiTests" */ = {
			isa = XCConfigurationList;
			buildConfigurations = (
				CB1069FC2879403800C3A997 /* Debug */,
				CB1069FD2879403800C3A997 /* Release */,
			);
			defaultConfigurationIsVisible = 0;
			defaultConfigurationName = Release;
		};
		CB1069FE2879403800C3A997 /* Build configuration list for PBXNativeTarget "sharehoshiUITests" */ = {
			isa = XCConfigurationList;
			buildConfigurations = (
				CB1069FF2879403800C3A997 /* Debug */,
				CB106A002879403800C3A997 /* Release */,
			);
			defaultConfigurationIsVisible = 0;
			defaultConfigurationName = Release;
		};
/* End XCConfigurationList section */
	};
	rootObject = CB1069CC2879403600C3A997 /* Project object */;
}
